PODS:
  - Amplify (1.0.4):
    - Amplify/Default (= 1.0.4)
  - Amplify/Default (1.0.4)
  - Amplify/Tools (1.0.4)
  - AmplifyPlugins/AWSAPIPlugin (1.0.4):
    - AppSyncRealTimeClient (~> 1.1.0)
    - AWSAuthCore (~> 2.14.0)
    - AWSCore (~> 2.14.0)
    - AWSPluginsCore (= 1.0.4)
    - ReachabilitySwift (~> 5.0.0)
  - AmplifyPlugins/AWSDataStorePlugin (1.0.4):
    - AWSAuthCore (~> 2.14.0)
    - AWSCore (~> 2.14.0)
    - AWSPluginsCore (= 1.0.4)
    - SQLite.swift (~> 0.12.0)
  - AppSyncRealTimeClient (1.1.6):
    - Starscream (= 3.0.6)
  - AWSAuthCore (2.14.2):
    - AWSCore (= 2.14.2)
  - AWSCognitoIdentityProvider (2.14.2):
    - AWSCognitoIdentityProviderASF (= 1.0.1)
    - AWSCore (= 2.14.2)
  - AWSCognitoIdentityProviderASF (1.0.1)
  - AWSCore (2.14.2)
  - AWSMobileClient (2.14.2):
    - AWSAuthCore (= 2.14.2)
    - AWSCognitoIdentityProvider (= 2.14.2)
  - AWSPluginsCore (1.0.4):
    - Amplify (= 1.0.4)
    - AWSCore (~> 2.14.0)
    - AWSMobileClient (~> 2.14.0)
  - FBSDKCoreKit (7.1.1):
    - FBSDKCoreKit/Basics (= 7.1.1)
    - FBSDKCoreKit/Core (= 7.1.1)
  - FBSDKCoreKit/Basics (7.1.1)
  - FBSDKCoreKit/Core (7.1.1):
    - FBSDKCoreKit/Basics
  - FBSDKLoginKit (7.1.1):
    - FBSDKLoginKit/Login (= 7.1.1)
  - FBSDKLoginKit/Login (7.1.1):
    - FBSDKCoreKit (~> 7.1.1)
  - JPVideoPlayer (3.2.0-beta)
  - mobile-ffmpeg-full (4.3.2)
  - ReachabilitySwift (5.0.0)
  - SQLite.swift (0.12.2):
    - SQLite.swift/standard (= 0.12.2)
  - SQLite.swift/standard (0.12.2)
  - Starscream (3.0.6)
  - SVProgressHUD (2.2.5)
  - YYCache (1.0.4)
  - YYImage (1.0.4):
    - YYImage/Core (= 1.0.4)
  - YYImage/Core (1.0.4)
  - YYWebImage (1.0.5):
    - YYCache
    - YYImage

DEPENDENCIES:
  - Amplify
  - Amplify/Tools
  - AmplifyPlugins/AWSAPIPlugin
  - AmplifyPlugins/AWSDataStorePlugin
  - FBSDKLoginKit
  - JPVideoPlayer (~> 3.2.0-beta)
  - mobile-ffmpeg-full
  - SVProgressHUD (~> 2.2.5)
  - YYWebImage (~> 1.0.5)

SPEC REPOS:
  trunk:
    - Amplify
    - AmplifyPlugins
    - AppSyncRealTimeClient
    - AWSAuthCore
    - AWSCognitoIdentityProvider
    - AWSCognitoIdentityProviderASF
    - AWSCore
    - AWSMobileClient
    - AWSPluginsCore
    - FBSDKCoreKit
    - FBSDKLoginKit
    - JPVideoPlayer
    - mobile-ffmpeg-full
    - ReachabilitySwift
    - SQLite.swift
    - Starscream
    - SVProgressHUD
    - YYCache
    - YYImage
    - YYWebImage

SPEC CHECKSUMS:
  Amplify: 7626e435f3e78ac3508252557e375f994d5d5154
  AmplifyPlugins: aba4f9e4432ebc089aaea45722d2c5711d3e58f4
  AppSyncRealTimeClient: 4a2ccdc1722750a1f4d76e216f9bfb1cf12f10de
  AWSAuthCore: 7ab6f5ab60ba8bb91a4868581946a993cbbae76d
  AWSCognitoIdentityProvider: 609856c741ef86037055223b3a46f4eeb49319d0
  AWSCognitoIdentityProviderASF: f94f1a502e72ef3d0a1de93e10bf7a79c8698118
  AWSCore: 80da498ab0979e77dbdc7690a61ceaaccfb0499a
  AWSMobileClient: b80f21439aa95df2375e7acdde76d2f60c12f4b7
  AWSPluginsCore: 646f8c2d831a52f2293da0dfd59a31eee61f6ad5
  FBSDKCoreKit: b46507dc8b8cefed31d644e74d7cc30e2a715ef8
  FBSDKLoginKit: 1a61d79e2b25e2fc0d03dccab1e34b38bbdf2546
  JPVideoPlayer: 3a88d3977ee68e31ed5750de923d37a06c1e5fb5
  mobile-ffmpeg-full: 5ff7bf33f70c7c89bba663e213f0d5a1ba8ddb84
  ReachabilitySwift: 985039c6f7b23a1da463388634119492ff86c825
  SQLite.swift: d2b4642190917051ce6bd1d49aab565fe794eea3
  Starscream: ef3ece99d765eeccb67de105bfa143f929026cf5
  SVProgressHUD: 1428aafac632c1f86f62aa4243ec12008d7a51d6
  YYCache: 8105b6638f5e849296c71f331ff83891a4942952
  YYImage: 1e1b62a9997399593e4b9c4ecfbbabbf1d3f3b54
  YYWebImage: 5f7f36aee2ae293f016d418c7d6ba05c4863e928

PODFILE CHECKSUM: 118c7936e19cb199f186e1cbd26d963205923535

COCOAPODS: 1.9.3
